
Microsoft Visual Studio Solution File, Format Version 12.00
# Visual Studio Version 16
VisualStudioVersion = 16.0.29609.76
MinimumVisualStudioVersion = 10.0.40219.1
Project("{888888A0-9F3D-457C-B088-3A5042F75D52}") = "assignment1", "assignment1.pyproj", "{509A6CC6-62BD-4F42-B019-FC96E1C758F7}"
EndProject
Global
	GlobalSection(SolutionConfigurationPlatforms) = preSolution
		Debug|Any CPU = Debug|Any CPU
		Release|Any CPU = Release|Any CPU
	EndGlobalSection
	GlobalSection(ProjectConfigurationPlatforms) = postSolution
		{509A6CC6-62BD-4F42-B019-FC96E1C758F7}.Debug|Any CPU.ActiveCfg = Debug|Any CPU
		{509A6CC6-62BD-4F42-B019-FC96E1C758F7}.Release|Any CPU.ActiveCfg = Release|Any CPU
	EndGlobalSection
	GlobalSection(SolutionProperties) = preSolution
		HideSolutionNode = FALSE
	EndGlobalSection
	GlobalSection(ExtensibilityGlobals) = postSolution
		SolutionGuid = {38924A75-63ED-45DF-95CD-0BC6C0D5B9D6}
	EndGlobalSection
EndGlobal
