
Microsoft Visual Studio Solution File, Format Version 12.00
# Visual Studio Version 16
VisualStudioVersion = 16.0.29609.76
MinimumVisualStudioVersion = 10.0.40219.1
Project("{888888A0-9F3D-457C-B088-3A5042F75D52}") = "assignment2", "assignment2.pyproj", "{6AF2E27E-ADA7-49AC-A5B9-EAE0323712AC}"
EndProject
Global
	GlobalSection(SolutionConfigurationPlatforms) = preSolution
		Debug|Any CPU = Debug|Any CPU
		Release|Any CPU = Release|Any CPU
	EndGlobalSection
	GlobalSection(ProjectConfigurationPlatforms) = postSolution
		{6AF2E27E-ADA7-49AC-A5B9-EAE0323712AC}.Debug|Any CPU.ActiveCfg = Debug|Any CPU
		{6AF2E27E-ADA7-49AC-A5B9-EAE0323712AC}.Release|Any CPU.ActiveCfg = Release|Any CPU
	EndGlobalSection
	GlobalSection(SolutionProperties) = preSolution
		HideSolutionNode = FALSE
	EndGlobalSection
	GlobalSection(ExtensibilityGlobals) = postSolution
		SolutionGuid = {CFD2DC8A-5993-4C82-A013-FB0784C4D6EA}
	EndGlobalSection
EndGlobal
